
Microsoft Visual Studio Solution File, Format Version 12.00
# Visual Studio 15
VisualStudioVersion = 15.0.27004.2010
MinimumVisualStudioVersion = 10.0.40219.1
Project("{FAE04EC0-301F-11D3-BF4B-00C04F79EFBC}") = "TeduCoreApp", "TeduCoreApp\TeduCoreApp.csproj", "{256B0796-855F-4373-AC07-DD45A5893D71}"
EndProject
Global
	GlobalSection(SolutionConfigurationPlatforms) = preSolution
		Debug|Any CPU = Debug|Any CPU
		Release|Any CPU = Release|Any CPU
	EndGlobalSection
	GlobalSection(ProjectConfigurationPlatforms) = postSolution
		{256B0796-855F-4373-AC07-DD45A5893D71}.Debug|Any CPU.ActiveCfg = Debug|Any CPU
		{256B0796-855F-4373-AC07-DD45A5893D71}.Debug|Any CPU.Build.0 = Debug|Any CPU
		{256B0796-855F-4373-AC07-DD45A5893D71}.Release|Any CPU.ActiveCfg = Release|Any CPU
		{256B0796-855F-4373-AC07-DD45A5893D71}.Release|Any CPU.Build.0 = Release|Any CPU
	EndGlobalSection
	GlobalSection(SolutionProperties) = preSolution
		HideSolutionNode = FALSE
	EndGlobalSection
	GlobalSection(ExtensibilityGlobals) = postSolution
		SolutionGuid = {6BF09CDF-FFA1-4E50-822E-82716A06D7EF}
	EndGlobalSection
EndGlobal
